
Microsoft Visual Studio Solution File, Format Version 12.00
# Visual Studio 15
VisualStudioVersion = 15.0.27703.2000
MinimumVisualStudioVersion = 10.0.40219.1
Project("{9A19103F-16F7-4668-BE54-9A1E7A4F7556}") = "Chess", "Chess\Chess.csproj", "{0C614BE6-782E-47DA-857D-6A46F3C59BF3}"
EndProject
Project("{9A19103F-16F7-4668-BE54-9A1E7A4F7556}") = "Figures", "Figures\Figures.csproj", "{B751ED6C-44AA-494F-A62A-4D6F3D801920}"
EndProject
Project("{9A19103F-16F7-4668-BE54-9A1E7A4F7556}") = "Common", "Common\Common.csproj", "{2B627B8B-4F20-419D-8A8C-41ADE91C682F}"
EndProject
Project("{9A19103F-16F7-4668-BE54-9A1E7A4F7556}") = "Board", "Board\Board.csproj", "{018C4636-9750-416F-BC9C-DCB28C35D820}"
EndProject
Project("{9A19103F-16F7-4668-BE54-9A1E7A4F7556}") = "Players", "Players\Players.csproj", "{27A55FC5-0B78-4739-BAE0-3954C9549070}"
EndProject
Project("{9A19103F-16F7-4668-BE54-9A1E7A4F7556}") = "Engine", "Engine\Engine.csproj", "{E71D3372-508C-47BD-A2F5-969DAA3EF5C3}"
EndProject
Project("{9A19103F-16F7-4668-BE54-9A1E7A4F7556}") = "UI", "UI\UI.csproj", "{94A5AF34-EADD-488B-A0D7-A76F683040F7}"
EndProject
Project("{9A19103F-16F7-4668-BE54-9A1E7A4F7556}") = "InputProviders", "InputProviders\InputProviders.csproj", "{60C1F485-00E4-42D0-94BF-F07C75F9D0F3}"
EndProject
Project("{FAE04EC0-301F-11D3-BF4B-00C04F79EFBC}") = "ChessFacade", "ChessFacade\ChessFacade.csproj", "{512B9554-FB26-4594-BDF6-68C500661FED}"
EndProject
Global
	GlobalSection(SolutionConfigurationPlatforms) = preSolution
		Debug|Any CPU = Debug|Any CPU
		Release|Any CPU = Release|Any CPU
	EndGlobalSection
	GlobalSection(ProjectConfigurationPlatforms) = postSolution
		{0C614BE6-782E-47DA-857D-6A46F3C59BF3}.Debug|Any CPU.ActiveCfg = Debug|Any CPU
		{0C614BE6-782E-47DA-857D-6A46F3C59BF3}.Debug|Any CPU.Build.0 = Debug|Any CPU
		{0C614BE6-782E-47DA-857D-6A46F3C59BF3}.Release|Any CPU.ActiveCfg = Release|Any CPU
		{0C614BE6-782E-47DA-857D-6A46F3C59BF3}.Release|Any CPU.Build.0 = Release|Any CPU
		{B751ED6C-44AA-494F-A62A-4D6F3D801920}.Debug|Any CPU.ActiveCfg = Debug|Any CPU
		{B751ED6C-44AA-494F-A62A-4D6F3D801920}.Debug|Any CPU.Build.0 = Debug|Any CPU
		{B751ED6C-44AA-494F-A62A-4D6F3D801920}.Release|Any CPU.ActiveCfg = Release|Any CPU
		{B751ED6C-44AA-494F-A62A-4D6F3D801920}.Release|Any CPU.Build.0 = Release|Any CPU
		{2B627B8B-4F20-419D-8A8C-41ADE91C682F}.Debug|Any CPU.ActiveCfg = Debug|Any CPU
		{2B627B8B-4F20-419D-8A8C-41ADE91C682F}.Debug|Any CPU.Build.0 = Debug|Any CPU
		{2B627B8B-4F20-419D-8A8C-41ADE91C682F}.Release|Any CPU.ActiveCfg = Release|Any CPU
		{2B627B8B-4F20-419D-8A8C-41ADE91C682F}.Release|Any CPU.Build.0 = Release|Any CPU
		{018C4636-9750-416F-BC9C-DCB28C35D820}.Debug|Any CPU.ActiveCfg = Debug|Any CPU
		{018C4636-9750-416F-BC9C-DCB28C35D820}.Debug|Any CPU.Build.0 = Debug|Any CPU
		{018C4636-9750-416F-BC9C-DCB28C35D820}.Release|Any CPU.ActiveCfg = Release|Any CPU
		{018C4636-9750-416F-BC9C-DCB28C35D820}.Release|Any CPU.Build.0 = Release|Any CPU
		{27A55FC5-0B78-4739-BAE0-3954C9549070}.Debug|Any CPU.ActiveCfg = Debug|Any CPU
		{27A55FC5-0B78-4739-BAE0-3954C9549070}.Debug|Any CPU.Build.0 = Debug|Any CPU
		{27A55FC5-0B78-4739-BAE0-3954C9549070}.Release|Any CPU.ActiveCfg = Release|Any CPU
		{27A55FC5-0B78-4739-BAE0-3954C9549070}.Release|Any CPU.Build.0 = Release|Any CPU
		{E71D3372-508C-47BD-A2F5-969DAA3EF5C3}.Debug|Any CPU.ActiveCfg = Debug|Any CPU
		{E71D3372-508C-47BD-A2F5-969DAA3EF5C3}.Debug|Any CPU.Build.0 = Debug|Any CPU
		{E71D3372-508C-47BD-A2F5-969DAA3EF5C3}.Release|Any CPU.ActiveCfg = Release|Any CPU
		{E71D3372-508C-47BD-A2F5-969DAA3EF5C3}.Release|Any CPU.Build.0 = Release|Any CPU
		{94A5AF34-EADD-488B-A0D7-A76F683040F7}.Debug|Any CPU.ActiveCfg = Debug|Any CPU
		{94A5AF34-EADD-488B-A0D7-A76F683040F7}.Debug|Any CPU.Build.0 = Debug|Any CPU
		{94A5AF34-EADD-488B-A0D7-A76F683040F7}.Release|Any CPU.ActiveCfg = Release|Any CPU
		{94A5AF34-EADD-488B-A0D7-A76F683040F7}.Release|Any CPU.Build.0 = Release|Any CPU
		{60C1F485-00E4-42D0-94BF-F07C75F9D0F3}.Debug|Any CPU.ActiveCfg = Debug|Any CPU
		{60C1F485-00E4-42D0-94BF-F07C75F9D0F3}.Debug|Any CPU.Build.0 = Debug|Any CPU
		{60C1F485-00E4-42D0-94BF-F07C75F9D0F3}.Release|Any CPU.ActiveCfg = Release|Any CPU
		{60C1F485-00E4-42D0-94BF-F07C75F9D0F3}.Release|Any CPU.Build.0 = Release|Any CPU
		{512B9554-FB26-4594-BDF6-68C500661FED}.Debug|Any CPU.ActiveCfg = Debug|Any CPU
		{512B9554-FB26-4594-BDF6-68C500661FED}.Debug|Any CPU.Build.0 = Debug|Any CPU
		{512B9554-FB26-4594-BDF6-68C500661FED}.Release|Any CPU.ActiveCfg = Release|Any CPU
		{512B9554-FB26-4594-BDF6-68C500661FED}.Release|Any CPU.Build.0 = Release|Any CPU
	EndGlobalSection
	GlobalSection(SolutionProperties) = preSolution
		HideSolutionNode = FALSE
	EndGlobalSection
	GlobalSection(ExtensibilityGlobals) = postSolution
		SolutionGuid = {2AFC178E-2CCA-4FEA-B92F-29E6311EC3BC}
	EndGlobalSection
EndGlobal
