
Microsoft Visual Studio Solution File, Format Version 12.00
# Visual Studio 15
VisualStudioVersion = 15.0.27703.2000
MinimumVisualStudioVersion = 10.0.40219.1
Project("{FAE04EC0-301F-11D3-BF4B-00C04F79EFBC}") = "Chess", "Chess\Chess.csproj", "{0C614BE6-782E-47DA-857D-6A46F3C59BF3}"
EndProject
Project("{FAE04EC0-301F-11D3-BF4B-00C04F79EFBC}") = "Figures", "Figures\Figures.csproj", "{B751ED6C-44AA-494F-A62A-4D6F3D801920}"
EndProject
Project("{FAE04EC0-301F-11D3-BF4B-00C04F79EFBC}") = "Common", "Common\Common.csproj", "{2B627B8B-4F20-419D-8A8C-41ADE91C682F}"
EndProject
Project("{FAE04EC0-301F-11D3-BF4B-00C04F79EFBC}") = "Board", "Board\Board.csproj", "{018C4636-9750-416F-BC9C-DCB28C35D820}"
EndProject
Project("{FAE04EC0-301F-11D3-BF4B-00C04F79EFBC}") = "Players", "Players\Players.csproj", "{27A55FC5-0B78-4739-BAE0-3954C9549070}"
EndProject
Project("{FAE04EC0-301F-11D3-BF4B-00C04F79EFBC}") = "Engine", "Engine\Engine.csproj", "{E71D3372-508C-47BD-A2F5-969DAA3EF5C3}"
EndProject
Global
	GlobalSection(SolutionConfigurationPlatforms) = preSolution
		Debug|Any CPU = Debug|Any CPU
		Release|Any CPU = Release|Any CPU
	EndGlobalSection
	GlobalSection(ProjectConfigurationPlatforms) = postSolution
		{0C614BE6-782E-47DA-857D-6A46F3C59BF3}.Debug|Any CPU.ActiveCfg = Debug|Any CPU
		{0C614BE6-782E-47DA-857D-6A46F3C59BF3}.Debug|Any CPU.Build.0 = Debug|Any CPU
		{0C614BE6-782E-47DA-857D-6A46F3C59BF3}.Release|Any CPU.ActiveCfg = Release|Any CPU
		{0C614BE6-782E-47DA-857D-6A46F3C59BF3}.Release|Any CPU.Build.0 = Release|Any CPU
		{B751ED6C-44AA-494F-A62A-4D6F3D801920}.Debug|Any CPU.ActiveCfg = Debug|Any CPU
		{B751ED6C-44AA-494F-A62A-4D6F3D801920}.Debug|Any CPU.Build.0 = Debug|Any CPU
		{B751ED6C-44AA-494F-A62A-4D6F3D801920}.Release|Any CPU.ActiveCfg = Release|Any CPU
		{B751ED6C-44AA-494F-A62A-4D6F3D801920}.Release|Any CPU.Build.0 = Release|Any CPU
		{2B627B8B-4F20-419D-8A8C-41ADE91C682F}.Debug|Any CPU.ActiveCfg = Debug|Any CPU
		{2B627B8B-4F20-419D-8A8C-41ADE91C682F}.Debug|Any CPU.Build.0 = Debug|Any CPU
		{2B627B8B-4F20-419D-8A8C-41ADE91C682F}.Release|Any CPU.ActiveCfg = Release|Any CPU
		{2B627B8B-4F20-419D-8A8C-41ADE91C682F}.Release|Any CPU.Build.0 = Release|Any CPU
		{018C4636-9750-416F-BC9C-DCB28C35D820}.Debug|Any CPU.ActiveCfg = Debug|Any CPU
		{018C4636-9750-416F-BC9C-DCB28C35D820}.Debug|Any CPU.Build.0 = Debug|Any CPU
		{018C4636-9750-416F-BC9C-DCB28C35D820}.Release|Any CPU.ActiveCfg = Release|Any CPU
		{018C4636-9750-416F-BC9C-DCB28C35D820}.Release|Any CPU.Build.0 = Release|Any CPU
		{27A55FC5-0B78-4739-BAE0-3954C9549070}.Debug|Any CPU.ActiveCfg = Debug|Any CPU
		{27A55FC5-0B78-4739-BAE0-3954C9549070}.Debug|Any CPU.Build.0 = Debug|Any CPU
		{27A55FC5-0B78-4739-BAE0-3954C9549070}.Release|Any CPU.ActiveCfg = Release|Any CPU
		{27A55FC5-0B78-4739-BAE0-3954C9549070}.Release|Any CPU.Build.0 = Release|Any CPU
		{E71D3372-508C-47BD-A2F5-969DAA3EF5C3}.Debug|Any CPU.ActiveCfg = Debug|Any CPU
		{E71D3372-508C-47BD-A2F5-969DAA3EF5C3}.Debug|Any CPU.Build.0 = Debug|Any CPU
		{E71D3372-508C-47BD-A2F5-969DAA3EF5C3}.Release|Any CPU.ActiveCfg = Release|Any CPU
		{E71D3372-508C-47BD-A2F5-969DAA3EF5C3}.Release|Any CPU.Build.0 = Release|Any CPU
	EndGlobalSection
	GlobalSection(SolutionProperties) = preSolution
		HideSolutionNode = FALSE
	EndGlobalSection
	GlobalSection(ExtensibilityGlobals) = postSolution
		SolutionGuid = {2AFC178E-2CCA-4FEA-B92F-29E6311EC3BC}
	EndGlobalSection
EndGlobal
