
Microsoft Visual Studio Solution File, Format Version 12.00
# Visual Studio 14
VisualStudioVersion = 14.0.25420.1
MinimumVisualStudioVersion = 10.0.40219.1
Project("{2150E333-8FDC-42A3-9474-1A3956D46DE8}") = "AdapterPattern", "AdapterPattern", "{4DAC6E68-44F0-4BEC-9F1D-90A2E8032EC8}"
EndProject
Project("{FAE04EC0-301F-11D3-BF4B-00C04F79EFBC}") = "AdapterDemo", "AdapterDemo\AdapterDemo.csproj", "{506C08B6-BB92-4C24-AC0A-15FC27813C93}"
EndProject
Project("{2150E333-8FDC-42A3-9474-1A3956D46DE8}") = "BridgePattern", "BridgePattern", "{AC90E9BF-7FEF-45ED-BB82-EF7D28BDF675}"
EndProject
Project("{FAE04EC0-301F-11D3-BF4B-00C04F79EFBC}") = "BridgeDemo", "BridgeDemo\BridgeDemo.csproj", "{557F4561-A6EB-41BA-9367-AD796A787B71}"
EndProject
Project("{2150E333-8FDC-42A3-9474-1A3956D46DE8}") = "BuilderPattern", "BuilderPattern", "{0FBBC3DC-C6FA-4E76-B1CB-DD7551B76C96}"
EndProject
Project("{FAE04EC0-301F-11D3-BF4B-00C04F79EFBC}") = "BuildeDemo", "BuildeDemo\BuildeDemo.csproj", "{710CDE5F-DE4D-4661-8A43-3FFD487A51EA}"
EndProject
Project("{2150E333-8FDC-42A3-9474-1A3956D46DE8}") = "ChainOfResponsibilityPattern", "ChainOfResponsibilityPattern", "{7EFCA1AB-084A-4058-86C0-1EC34CBE38E9}"
EndProject
Project("{FAE04EC0-301F-11D3-BF4B-00C04F79EFBC}") = "CORDemo", "Startup\CORDemo.csproj", "{E624F28F-EE3B-449A-9C65-3E3570C9F83D}"
EndProject
Global
	GlobalSection(SolutionConfigurationPlatforms) = preSolution
		Debug|Any CPU = Debug|Any CPU
		Release|Any CPU = Release|Any CPU
	EndGlobalSection
	GlobalSection(ProjectConfigurationPlatforms) = postSolution
		{506C08B6-BB92-4C24-AC0A-15FC27813C93}.Debug|Any CPU.ActiveCfg = Debug|Any CPU
		{506C08B6-BB92-4C24-AC0A-15FC27813C93}.Debug|Any CPU.Build.0 = Debug|Any CPU
		{506C08B6-BB92-4C24-AC0A-15FC27813C93}.Release|Any CPU.ActiveCfg = Release|Any CPU
		{506C08B6-BB92-4C24-AC0A-15FC27813C93}.Release|Any CPU.Build.0 = Release|Any CPU
		{557F4561-A6EB-41BA-9367-AD796A787B71}.Debug|Any CPU.ActiveCfg = Debug|Any CPU
		{557F4561-A6EB-41BA-9367-AD796A787B71}.Debug|Any CPU.Build.0 = Debug|Any CPU
		{557F4561-A6EB-41BA-9367-AD796A787B71}.Release|Any CPU.ActiveCfg = Release|Any CPU
		{557F4561-A6EB-41BA-9367-AD796A787B71}.Release|Any CPU.Build.0 = Release|Any CPU
		{710CDE5F-DE4D-4661-8A43-3FFD487A51EA}.Debug|Any CPU.ActiveCfg = Debug|Any CPU
		{710CDE5F-DE4D-4661-8A43-3FFD487A51EA}.Debug|Any CPU.Build.0 = Debug|Any CPU
		{710CDE5F-DE4D-4661-8A43-3FFD487A51EA}.Release|Any CPU.ActiveCfg = Release|Any CPU
		{710CDE5F-DE4D-4661-8A43-3FFD487A51EA}.Release|Any CPU.Build.0 = Release|Any CPU
		{E624F28F-EE3B-449A-9C65-3E3570C9F83D}.Debug|Any CPU.ActiveCfg = Debug|Any CPU
		{E624F28F-EE3B-449A-9C65-3E3570C9F83D}.Debug|Any CPU.Build.0 = Debug|Any CPU
		{E624F28F-EE3B-449A-9C65-3E3570C9F83D}.Release|Any CPU.ActiveCfg = Release|Any CPU
		{E624F28F-EE3B-449A-9C65-3E3570C9F83D}.Release|Any CPU.Build.0 = Release|Any CPU
	EndGlobalSection
	GlobalSection(SolutionProperties) = preSolution
		HideSolutionNode = FALSE
	EndGlobalSection
	GlobalSection(NestedProjects) = preSolution
		{506C08B6-BB92-4C24-AC0A-15FC27813C93} = {4DAC6E68-44F0-4BEC-9F1D-90A2E8032EC8}
		{557F4561-A6EB-41BA-9367-AD796A787B71} = {AC90E9BF-7FEF-45ED-BB82-EF7D28BDF675}
		{710CDE5F-DE4D-4661-8A43-3FFD487A51EA} = {0FBBC3DC-C6FA-4E76-B1CB-DD7551B76C96}
		{E624F28F-EE3B-449A-9C65-3E3570C9F83D} = {7EFCA1AB-084A-4058-86C0-1EC34CBE38E9}
	EndGlobalSection
EndGlobal
