
Microsoft Visual Studio Solution File, Format Version 12.00
# Visual Studio 15
VisualStudioVersion = 15.0.27703.2000
MinimumVisualStudioVersion = 10.0.40219.1
Project("{2150E333-8FDC-42A3-9474-1A3956D46DE8}") = "AdapterPattern", "AdapterPattern", "{4DAC6E68-44F0-4BEC-9F1D-90A2E8032EC8}"
EndProject
Project("{FAE04EC0-301F-11D3-BF4B-00C04F79EFBC}") = "AdapterDemo", "AdapterDemo\AdapterDemo.csproj", "{506C08B6-BB92-4C24-AC0A-15FC27813C93}"
EndProject
Project("{2150E333-8FDC-42A3-9474-1A3956D46DE8}") = "BridgePattern", "BridgePattern", "{AC90E9BF-7FEF-45ED-BB82-EF7D28BDF675}"
EndProject
Project("{FAE04EC0-301F-11D3-BF4B-00C04F79EFBC}") = "BridgeDemo", "BridgeDemo\BridgeDemo.csproj", "{557F4561-A6EB-41BA-9367-AD796A787B71}"
EndProject
Project("{2150E333-8FDC-42A3-9474-1A3956D46DE8}") = "BuilderPattern", "BuilderPattern", "{0FBBC3DC-C6FA-4E76-B1CB-DD7551B76C96}"
EndProject
Project("{FAE04EC0-301F-11D3-BF4B-00C04F79EFBC}") = "BuildeDemo", "BuildeDemo\BuildeDemo.csproj", "{710CDE5F-DE4D-4661-8A43-3FFD487A51EA}"
EndProject
Project("{2150E333-8FDC-42A3-9474-1A3956D46DE8}") = "ChainOfResponsibilityPattern", "ChainOfResponsibilityPattern", "{7EFCA1AB-084A-4058-86C0-1EC34CBE38E9}"
EndProject
Project("{FAE04EC0-301F-11D3-BF4B-00C04F79EFBC}") = "CORDemo", "Startup\CORDemo.csproj", "{E624F28F-EE3B-449A-9C65-3E3570C9F83D}"
EndProject
Project("{2150E333-8FDC-42A3-9474-1A3956D46DE8}") = "CommandPattern", "CommandPattern", "{DA03955D-E4B3-45B2-BE78-EB89F0656744}"
EndProject
Project("{FAE04EC0-301F-11D3-BF4B-00C04F79EFBC}") = "CommandDemo", "CommandDemo\CommandDemo.csproj", "{E8AE2DE5-B706-4BCE-8FA8-E6FF1B0A7CC6}"
EndProject
Project("{2150E333-8FDC-42A3-9474-1A3956D46DE8}") = "CompositePattern", "CompositePattern", "{B1438C3E-BC43-4263-B071-F241793D6114}"
EndProject
Project("{FAE04EC0-301F-11D3-BF4B-00C04F79EFBC}") = "CompositeDemo", "CompositeDemo\CompositeDemo.csproj", "{EC6C0B81-216B-4521-80A3-0BC4B68136A0}"
EndProject
Project("{2150E333-8FDC-42A3-9474-1A3956D46DE8}") = "DecoratorPattern", "DecoratorPattern", "{CA708216-D377-4D4A-A0D4-A5351C9323DC}"
EndProject
Project("{FAE04EC0-301F-11D3-BF4B-00C04F79EFBC}") = "DecoratorDemo", "DecoratorDemo\DecoratorDemo.csproj", "{DE2F0A38-B749-4332-9170-81A0E122ECFB}"
EndProject
Project("{2150E333-8FDC-42A3-9474-1A3956D46DE8}") = "FacadePattern", "FacadePattern", "{567B72F6-D248-43B3-B7D3-730B4301B1C6}"
EndProject
Project("{FAE04EC0-301F-11D3-BF4B-00C04F79EFBC}") = "FacadeDemo", "FacadeDemo\FacadeDemo.csproj", "{62B21114-4BEB-46B0-80B9-D429FE972BF9}"
EndProject
Project("{2150E333-8FDC-42A3-9474-1A3956D46DE8}") = "FactoryPattern", "FactoryPattern", "{5EB2525F-E165-4C61-A076-5970AD69CE48}"
EndProject
Project("{FAE04EC0-301F-11D3-BF4B-00C04F79EFBC}") = "FactoryPatternDemo", "FactoryPatternDemo\FactoryPatternDemo.csproj", "{F50526FE-5107-47E1-A992-8ED96EABBB4F}"
EndProject
Project("{2150E333-8FDC-42A3-9474-1A3956D46DE8}") = "FlyweightPattern", "FlyweightPattern", "{D3B1B5E9-5076-45A4-A819-CC76AB2CA023}"
EndProject
Project("{FAE04EC0-301F-11D3-BF4B-00C04F79EFBC}") = "FlyweightPattern", "FlyweightPattern\FlyweightPattern.csproj", "{45C9687E-E658-4F87-90F3-A0B6F0BDDB37}"
EndProject
Project("{2150E333-8FDC-42A3-9474-1A3956D46DE8}") = "InterpeterPattern", "InterpeterPattern", "{C5BA7045-F0BB-473C-846F-38F6DF2CF45D}"
EndProject
Project("{FAE04EC0-301F-11D3-BF4B-00C04F79EFBC}") = "InterpreterDemo", "InterpreterDemo\InterpreterDemo.csproj", "{3D122A59-87D1-47DD-8357-B5BFC83B33DB}"
EndProject
Project("{2150E333-8FDC-42A3-9474-1A3956D46DE8}") = "IteratorAkaCursorPattern", "IteratorAkaCursorPattern", "{AE12F4F0-D5D8-45BC-B5EC-DA2CBEB0D761}"
EndProject
Project("{FAE04EC0-301F-11D3-BF4B-00C04F79EFBC}") = "ItteratorPatternDemo", "ItteratorPatternDemo\ItteratorPatternDemo.csproj", "{734198C5-88EC-462B-83FE-88F5274FACCE}"
EndProject
Project("{2150E333-8FDC-42A3-9474-1A3956D46DE8}") = "NullPattern", "NullPattern", "{4219F6A9-9652-446E-BA71-2C844CA4DA36}"
EndProject
Project("{FAE04EC0-301F-11D3-BF4B-00C04F79EFBC}") = "NullPattern", "NullPattern\NullPattern.csproj", "{1016FCC6-398D-4584-849D-357F74B9207E}"
EndProject
Project("{2150E333-8FDC-42A3-9474-1A3956D46DE8}") = "SingletonPattern", "SingletonPattern", "{4270F19D-9C82-4D7A-9AA9-9CF653E5A60B}"
EndProject
Project("{FAE04EC0-301F-11D3-BF4B-00C04F79EFBC}") = "SingletonDemo", "SingletonDemo\SingletonDemo.csproj", "{B62F6626-5FC0-4565-9C14-6EA15DE5449D}"
EndProject
Project("{2150E333-8FDC-42A3-9474-1A3956D46DE8}") = "MediatorPattern", "MediatorPattern", "{3444673F-974D-46D0-A94F-2533D821E661}"
EndProject
Project("{FAE04EC0-301F-11D3-BF4B-00C04F79EFBC}") = "MediatorDemo", "MediatorDemo\MediatorDemo.csproj", "{335AC0DF-193E-4C9D-B2D3-CBB7814B9C0A}"
EndProject
Project("{2150E333-8FDC-42A3-9474-1A3956D46DE8}") = "MementoPattern", "MementoPattern", "{978DAB27-116E-4ACB-9F4A-B93C20C8A9C0}"
EndProject
Project("{FAE04EC0-301F-11D3-BF4B-00C04F79EFBC}") = "MementoDemo", "MementoDemo\MementoDemo.csproj", "{0E7F7409-D82A-42ED-9764-3D90B980EB9D}"
EndProject
Project("{2150E333-8FDC-42A3-9474-1A3956D46DE8}") = "ObserverPattern", "ObserverPattern", "{E3DE802C-1A3D-4577-A7D4-A87CA416ADC9}"
EndProject
Project("{FAE04EC0-301F-11D3-BF4B-00C04F79EFBC}") = "ObserverDemo", "ObserverDemo\ObserverDemo.csproj", "{4A780A59-37B8-453E-8EF5-667B04B8462E}"
EndProject
Project("{2150E333-8FDC-42A3-9474-1A3956D46DE8}") = "PrototypePattern", "PrototypePattern", "{92C35B41-6437-4157-819B-1A15C6B0B180}"
EndProject
Project("{FAE04EC0-301F-11D3-BF4B-00C04F79EFBC}") = "PrototypeDemo", "PrototypeDemo\PrototypeDemo.csproj", "{EF44746E-AD0B-4CEE-A7FC-448A5327ABEC}"
EndProject
Project("{2150E333-8FDC-42A3-9474-1A3956D46DE8}") = "ProxyPattern", "ProxyPattern", "{8F23413F-7D9B-4383-A3AF-3AF19C494DB3}"
EndProject
Project("{FAE04EC0-301F-11D3-BF4B-00C04F79EFBC}") = "ProxyPattern", "ProxyPattern\ProxyPattern.csproj", "{09068121-EF44-424E-B2FD-EABC66258674}"
EndProject
Project("{2150E333-8FDC-42A3-9474-1A3956D46DE8}") = "RepositoryPattern", "RepositoryPattern", "{994ED5D2-2EC7-4614-B339-147930F20915}"
EndProject
Project("{FAE04EC0-301F-11D3-BF4B-00C04F79EFBC}") = "RepositoryDemo", "RepositoryDemo\RepositoryDemo.csproj", "{96C420CB-6E5A-4DDF-933C-E4EADFFFA33C}"
EndProject
Project("{2150E333-8FDC-42A3-9474-1A3956D46DE8}") = "LazyLoadingPattern", "LazyLoadingPattern", "{238B0A3D-5DD6-42F4-8A00-ECC55278E0AB}"
EndProject
Project("{FAE04EC0-301F-11D3-BF4B-00C04F79EFBC}") = "LazyLoadingDemo", "LazyLoadingDemo\LazyLoadingDemo.csproj", "{3514A71D-F2DD-4387-B42E-E8FA7CF0FE7B}"
EndProject
Project("{2150E333-8FDC-42A3-9474-1A3956D46DE8}") = "TemplatePattern", "TemplatePattern", "{EA45E3AF-8768-40B5-9FA3-56F6B929994A}"
EndProject
Project("{FAE04EC0-301F-11D3-BF4B-00C04F79EFBC}") = "TemplatePattern", "TemplatePattern\TemplatePattern.csproj", "{F57D645A-E625-4F85-987F-273B902E4781}"
EndProject
Project("{2150E333-8FDC-42A3-9474-1A3956D46DE8}") = "MVPPattern", "MVPPattern", "{4F32344E-E481-4374-900C-EE4A05130199}"
EndProject
Project("{FAE04EC0-301F-11D3-BF4B-00C04F79EFBC}") = "ModelViewPresenterDemo", "ModelViewPresenterDemo\ModelViewPresenterDemo.csproj", "{0B14D5DA-18F4-4C8A-94AD-EECFC3B8E8E5}"
EndProject
Project("{FAE04EC0-301F-11D3-BF4B-00C04F79EFBC}") = "MVPSample", "MVPSample\MVPSample.csproj", "{48EFE2F4-AECC-40BA-BE62-1266647C9B62}"
EndProject
Project("{2150E333-8FDC-42A3-9474-1A3956D46DE8}") = "StrategyPattern", "StrategyPattern", "{1EB6BDEF-566E-4EC9-A001-DB01F3B17263}"
EndProject
Project("{FAE04EC0-301F-11D3-BF4B-00C04F79EFBC}") = "StrategyDemo", "StrategyDemo\StrategyDemo.csproj", "{B241C5D9-4D81-40C4-B021-ED17E448E772}"
EndProject
Project("{2150E333-8FDC-42A3-9474-1A3956D46DE8}") = "StatePattern", "StatePattern", "{6D8C115A-3957-4604-9FD4-CE5F82C58436}"
EndProject
Project("{FAE04EC0-301F-11D3-BF4B-00C04F79EFBC}") = "StateDemo", "StateDemo\StateDemo.csproj", "{84787531-EF12-45F1-ABEE-16E0F72CD946}"
EndProject
Project("{9A19103F-16F7-4668-BE54-9A1E7A4F7556}") = "Playground", "Playground\Playground.csproj", "{020899C4-58E0-4DB1-9259-D022D7C7246F}"
EndProject
Project("{FAE04EC0-301F-11D3-BF4B-00C04F79EFBC}") = "PlayGround2", "PlayGround2\PlayGround2.csproj", "{F544071B-B9F9-46A0-AD66-D75FC4540ED9}"
EndProject
Global
	GlobalSection(SolutionConfigurationPlatforms) = preSolution
		Debug|Any CPU = Debug|Any CPU
		Release|Any CPU = Release|Any CPU
	EndGlobalSection
	GlobalSection(ProjectConfigurationPlatforms) = postSolution
		{506C08B6-BB92-4C24-AC0A-15FC27813C93}.Debug|Any CPU.ActiveCfg = Debug|Any CPU
		{506C08B6-BB92-4C24-AC0A-15FC27813C93}.Debug|Any CPU.Build.0 = Debug|Any CPU
		{506C08B6-BB92-4C24-AC0A-15FC27813C93}.Release|Any CPU.ActiveCfg = Release|Any CPU
		{506C08B6-BB92-4C24-AC0A-15FC27813C93}.Release|Any CPU.Build.0 = Release|Any CPU
		{557F4561-A6EB-41BA-9367-AD796A787B71}.Debug|Any CPU.ActiveCfg = Debug|Any CPU
		{557F4561-A6EB-41BA-9367-AD796A787B71}.Debug|Any CPU.Build.0 = Debug|Any CPU
		{557F4561-A6EB-41BA-9367-AD796A787B71}.Release|Any CPU.ActiveCfg = Release|Any CPU
		{557F4561-A6EB-41BA-9367-AD796A787B71}.Release|Any CPU.Build.0 = Release|Any CPU
		{710CDE5F-DE4D-4661-8A43-3FFD487A51EA}.Debug|Any CPU.ActiveCfg = Debug|Any CPU
		{710CDE5F-DE4D-4661-8A43-3FFD487A51EA}.Debug|Any CPU.Build.0 = Debug|Any CPU
		{710CDE5F-DE4D-4661-8A43-3FFD487A51EA}.Release|Any CPU.ActiveCfg = Release|Any CPU
		{710CDE5F-DE4D-4661-8A43-3FFD487A51EA}.Release|Any CPU.Build.0 = Release|Any CPU
		{E624F28F-EE3B-449A-9C65-3E3570C9F83D}.Debug|Any CPU.ActiveCfg = Debug|Any CPU
		{E624F28F-EE3B-449A-9C65-3E3570C9F83D}.Debug|Any CPU.Build.0 = Debug|Any CPU
		{E624F28F-EE3B-449A-9C65-3E3570C9F83D}.Release|Any CPU.ActiveCfg = Release|Any CPU
		{E624F28F-EE3B-449A-9C65-3E3570C9F83D}.Release|Any CPU.Build.0 = Release|Any CPU
		{E8AE2DE5-B706-4BCE-8FA8-E6FF1B0A7CC6}.Debug|Any CPU.ActiveCfg = Debug|Any CPU
		{E8AE2DE5-B706-4BCE-8FA8-E6FF1B0A7CC6}.Debug|Any CPU.Build.0 = Debug|Any CPU
		{E8AE2DE5-B706-4BCE-8FA8-E6FF1B0A7CC6}.Release|Any CPU.ActiveCfg = Release|Any CPU
		{E8AE2DE5-B706-4BCE-8FA8-E6FF1B0A7CC6}.Release|Any CPU.Build.0 = Release|Any CPU
		{EC6C0B81-216B-4521-80A3-0BC4B68136A0}.Debug|Any CPU.ActiveCfg = Debug|Any CPU
		{EC6C0B81-216B-4521-80A3-0BC4B68136A0}.Debug|Any CPU.Build.0 = Debug|Any CPU
		{EC6C0B81-216B-4521-80A3-0BC4B68136A0}.Release|Any CPU.ActiveCfg = Release|Any CPU
		{EC6C0B81-216B-4521-80A3-0BC4B68136A0}.Release|Any CPU.Build.0 = Release|Any CPU
		{DE2F0A38-B749-4332-9170-81A0E122ECFB}.Debug|Any CPU.ActiveCfg = Debug|Any CPU
		{DE2F0A38-B749-4332-9170-81A0E122ECFB}.Debug|Any CPU.Build.0 = Debug|Any CPU
		{DE2F0A38-B749-4332-9170-81A0E122ECFB}.Release|Any CPU.ActiveCfg = Release|Any CPU
		{DE2F0A38-B749-4332-9170-81A0E122ECFB}.Release|Any CPU.Build.0 = Release|Any CPU
		{62B21114-4BEB-46B0-80B9-D429FE972BF9}.Debug|Any CPU.ActiveCfg = Debug|Any CPU
		{62B21114-4BEB-46B0-80B9-D429FE972BF9}.Debug|Any CPU.Build.0 = Debug|Any CPU
		{62B21114-4BEB-46B0-80B9-D429FE972BF9}.Release|Any CPU.ActiveCfg = Release|Any CPU
		{62B21114-4BEB-46B0-80B9-D429FE972BF9}.Release|Any CPU.Build.0 = Release|Any CPU
		{F50526FE-5107-47E1-A992-8ED96EABBB4F}.Debug|Any CPU.ActiveCfg = Debug|Any CPU
		{F50526FE-5107-47E1-A992-8ED96EABBB4F}.Debug|Any CPU.Build.0 = Debug|Any CPU
		{F50526FE-5107-47E1-A992-8ED96EABBB4F}.Release|Any CPU.ActiveCfg = Release|Any CPU
		{F50526FE-5107-47E1-A992-8ED96EABBB4F}.Release|Any CPU.Build.0 = Release|Any CPU
		{45C9687E-E658-4F87-90F3-A0B6F0BDDB37}.Debug|Any CPU.ActiveCfg = Debug|Any CPU
		{45C9687E-E658-4F87-90F3-A0B6F0BDDB37}.Debug|Any CPU.Build.0 = Debug|Any CPU
		{45C9687E-E658-4F87-90F3-A0B6F0BDDB37}.Release|Any CPU.ActiveCfg = Release|Any CPU
		{45C9687E-E658-4F87-90F3-A0B6F0BDDB37}.Release|Any CPU.Build.0 = Release|Any CPU
		{3D122A59-87D1-47DD-8357-B5BFC83B33DB}.Debug|Any CPU.ActiveCfg = Debug|Any CPU
		{3D122A59-87D1-47DD-8357-B5BFC83B33DB}.Debug|Any CPU.Build.0 = Debug|Any CPU
		{3D122A59-87D1-47DD-8357-B5BFC83B33DB}.Release|Any CPU.ActiveCfg = Release|Any CPU
		{3D122A59-87D1-47DD-8357-B5BFC83B33DB}.Release|Any CPU.Build.0 = Release|Any CPU
		{734198C5-88EC-462B-83FE-88F5274FACCE}.Debug|Any CPU.ActiveCfg = Debug|Any CPU
		{734198C5-88EC-462B-83FE-88F5274FACCE}.Debug|Any CPU.Build.0 = Debug|Any CPU
		{734198C5-88EC-462B-83FE-88F5274FACCE}.Release|Any CPU.ActiveCfg = Release|Any CPU
		{734198C5-88EC-462B-83FE-88F5274FACCE}.Release|Any CPU.Build.0 = Release|Any CPU
		{1016FCC6-398D-4584-849D-357F74B9207E}.Debug|Any CPU.ActiveCfg = Debug|Any CPU
		{1016FCC6-398D-4584-849D-357F74B9207E}.Debug|Any CPU.Build.0 = Debug|Any CPU
		{1016FCC6-398D-4584-849D-357F74B9207E}.Release|Any CPU.ActiveCfg = Release|Any CPU
		{1016FCC6-398D-4584-849D-357F74B9207E}.Release|Any CPU.Build.0 = Release|Any CPU
		{B62F6626-5FC0-4565-9C14-6EA15DE5449D}.Debug|Any CPU.ActiveCfg = Debug|Any CPU
		{B62F6626-5FC0-4565-9C14-6EA15DE5449D}.Debug|Any CPU.Build.0 = Debug|Any CPU
		{B62F6626-5FC0-4565-9C14-6EA15DE5449D}.Release|Any CPU.ActiveCfg = Release|Any CPU
		{B62F6626-5FC0-4565-9C14-6EA15DE5449D}.Release|Any CPU.Build.0 = Release|Any CPU
		{335AC0DF-193E-4C9D-B2D3-CBB7814B9C0A}.Debug|Any CPU.ActiveCfg = Debug|Any CPU
		{335AC0DF-193E-4C9D-B2D3-CBB7814B9C0A}.Debug|Any CPU.Build.0 = Debug|Any CPU
		{335AC0DF-193E-4C9D-B2D3-CBB7814B9C0A}.Release|Any CPU.ActiveCfg = Release|Any CPU
		{335AC0DF-193E-4C9D-B2D3-CBB7814B9C0A}.Release|Any CPU.Build.0 = Release|Any CPU
		{0E7F7409-D82A-42ED-9764-3D90B980EB9D}.Debug|Any CPU.ActiveCfg = Debug|Any CPU
		{0E7F7409-D82A-42ED-9764-3D90B980EB9D}.Debug|Any CPU.Build.0 = Debug|Any CPU
		{0E7F7409-D82A-42ED-9764-3D90B980EB9D}.Release|Any CPU.ActiveCfg = Release|Any CPU
		{0E7F7409-D82A-42ED-9764-3D90B980EB9D}.Release|Any CPU.Build.0 = Release|Any CPU
		{4A780A59-37B8-453E-8EF5-667B04B8462E}.Debug|Any CPU.ActiveCfg = Debug|Any CPU
		{4A780A59-37B8-453E-8EF5-667B04B8462E}.Debug|Any CPU.Build.0 = Debug|Any CPU
		{4A780A59-37B8-453E-8EF5-667B04B8462E}.Release|Any CPU.ActiveCfg = Release|Any CPU
		{4A780A59-37B8-453E-8EF5-667B04B8462E}.Release|Any CPU.Build.0 = Release|Any CPU
		{EF44746E-AD0B-4CEE-A7FC-448A5327ABEC}.Debug|Any CPU.ActiveCfg = Debug|Any CPU
		{EF44746E-AD0B-4CEE-A7FC-448A5327ABEC}.Debug|Any CPU.Build.0 = Debug|Any CPU
		{EF44746E-AD0B-4CEE-A7FC-448A5327ABEC}.Release|Any CPU.ActiveCfg = Release|Any CPU
		{EF44746E-AD0B-4CEE-A7FC-448A5327ABEC}.Release|Any CPU.Build.0 = Release|Any CPU
		{09068121-EF44-424E-B2FD-EABC66258674}.Debug|Any CPU.ActiveCfg = Debug|Any CPU
		{09068121-EF44-424E-B2FD-EABC66258674}.Debug|Any CPU.Build.0 = Debug|Any CPU
		{09068121-EF44-424E-B2FD-EABC66258674}.Release|Any CPU.ActiveCfg = Release|Any CPU
		{09068121-EF44-424E-B2FD-EABC66258674}.Release|Any CPU.Build.0 = Release|Any CPU
		{96C420CB-6E5A-4DDF-933C-E4EADFFFA33C}.Debug|Any CPU.ActiveCfg = Debug|Any CPU
		{96C420CB-6E5A-4DDF-933C-E4EADFFFA33C}.Debug|Any CPU.Build.0 = Debug|Any CPU
		{96C420CB-6E5A-4DDF-933C-E4EADFFFA33C}.Release|Any CPU.ActiveCfg = Release|Any CPU
		{96C420CB-6E5A-4DDF-933C-E4EADFFFA33C}.Release|Any CPU.Build.0 = Release|Any CPU
		{3514A71D-F2DD-4387-B42E-E8FA7CF0FE7B}.Debug|Any CPU.ActiveCfg = Debug|Any CPU
		{3514A71D-F2DD-4387-B42E-E8FA7CF0FE7B}.Debug|Any CPU.Build.0 = Debug|Any CPU
		{3514A71D-F2DD-4387-B42E-E8FA7CF0FE7B}.Release|Any CPU.ActiveCfg = Release|Any CPU
		{3514A71D-F2DD-4387-B42E-E8FA7CF0FE7B}.Release|Any CPU.Build.0 = Release|Any CPU
		{F57D645A-E625-4F85-987F-273B902E4781}.Debug|Any CPU.ActiveCfg = Debug|Any CPU
		{F57D645A-E625-4F85-987F-273B902E4781}.Debug|Any CPU.Build.0 = Debug|Any CPU
		{F57D645A-E625-4F85-987F-273B902E4781}.Release|Any CPU.ActiveCfg = Release|Any CPU
		{F57D645A-E625-4F85-987F-273B902E4781}.Release|Any CPU.Build.0 = Release|Any CPU
		{0B14D5DA-18F4-4C8A-94AD-EECFC3B8E8E5}.Debug|Any CPU.ActiveCfg = Debug|Any CPU
		{0B14D5DA-18F4-4C8A-94AD-EECFC3B8E8E5}.Debug|Any CPU.Build.0 = Debug|Any CPU
		{0B14D5DA-18F4-4C8A-94AD-EECFC3B8E8E5}.Release|Any CPU.ActiveCfg = Release|Any CPU
		{0B14D5DA-18F4-4C8A-94AD-EECFC3B8E8E5}.Release|Any CPU.Build.0 = Release|Any CPU
		{48EFE2F4-AECC-40BA-BE62-1266647C9B62}.Debug|Any CPU.ActiveCfg = Debug|Any CPU
		{48EFE2F4-AECC-40BA-BE62-1266647C9B62}.Debug|Any CPU.Build.0 = Debug|Any CPU
		{48EFE2F4-AECC-40BA-BE62-1266647C9B62}.Release|Any CPU.ActiveCfg = Release|Any CPU
		{48EFE2F4-AECC-40BA-BE62-1266647C9B62}.Release|Any CPU.Build.0 = Release|Any CPU
		{B241C5D9-4D81-40C4-B021-ED17E448E772}.Debug|Any CPU.ActiveCfg = Debug|Any CPU
		{B241C5D9-4D81-40C4-B021-ED17E448E772}.Debug|Any CPU.Build.0 = Debug|Any CPU
		{B241C5D9-4D81-40C4-B021-ED17E448E772}.Release|Any CPU.ActiveCfg = Release|Any CPU
		{B241C5D9-4D81-40C4-B021-ED17E448E772}.Release|Any CPU.Build.0 = Release|Any CPU
		{84787531-EF12-45F1-ABEE-16E0F72CD946}.Debug|Any CPU.ActiveCfg = Debug|Any CPU
		{84787531-EF12-45F1-ABEE-16E0F72CD946}.Debug|Any CPU.Build.0 = Debug|Any CPU
		{84787531-EF12-45F1-ABEE-16E0F72CD946}.Release|Any CPU.ActiveCfg = Release|Any CPU
		{84787531-EF12-45F1-ABEE-16E0F72CD946}.Release|Any CPU.Build.0 = Release|Any CPU
		{020899C4-58E0-4DB1-9259-D022D7C7246F}.Debug|Any CPU.ActiveCfg = Debug|Any CPU
		{020899C4-58E0-4DB1-9259-D022D7C7246F}.Debug|Any CPU.Build.0 = Debug|Any CPU
		{020899C4-58E0-4DB1-9259-D022D7C7246F}.Release|Any CPU.ActiveCfg = Release|Any CPU
		{020899C4-58E0-4DB1-9259-D022D7C7246F}.Release|Any CPU.Build.0 = Release|Any CPU
		{F544071B-B9F9-46A0-AD66-D75FC4540ED9}.Debug|Any CPU.ActiveCfg = Debug|Any CPU
		{F544071B-B9F9-46A0-AD66-D75FC4540ED9}.Debug|Any CPU.Build.0 = Debug|Any CPU
		{F544071B-B9F9-46A0-AD66-D75FC4540ED9}.Release|Any CPU.ActiveCfg = Release|Any CPU
		{F544071B-B9F9-46A0-AD66-D75FC4540ED9}.Release|Any CPU.Build.0 = Release|Any CPU
	EndGlobalSection
	GlobalSection(SolutionProperties) = preSolution
		HideSolutionNode = FALSE
	EndGlobalSection
	GlobalSection(NestedProjects) = preSolution
		{506C08B6-BB92-4C24-AC0A-15FC27813C93} = {4DAC6E68-44F0-4BEC-9F1D-90A2E8032EC8}
		{557F4561-A6EB-41BA-9367-AD796A787B71} = {AC90E9BF-7FEF-45ED-BB82-EF7D28BDF675}
		{710CDE5F-DE4D-4661-8A43-3FFD487A51EA} = {0FBBC3DC-C6FA-4E76-B1CB-DD7551B76C96}
		{E624F28F-EE3B-449A-9C65-3E3570C9F83D} = {7EFCA1AB-084A-4058-86C0-1EC34CBE38E9}
		{E8AE2DE5-B706-4BCE-8FA8-E6FF1B0A7CC6} = {DA03955D-E4B3-45B2-BE78-EB89F0656744}
		{EC6C0B81-216B-4521-80A3-0BC4B68136A0} = {B1438C3E-BC43-4263-B071-F241793D6114}
		{DE2F0A38-B749-4332-9170-81A0E122ECFB} = {CA708216-D377-4D4A-A0D4-A5351C9323DC}
		{62B21114-4BEB-46B0-80B9-D429FE972BF9} = {567B72F6-D248-43B3-B7D3-730B4301B1C6}
		{F50526FE-5107-47E1-A992-8ED96EABBB4F} = {5EB2525F-E165-4C61-A076-5970AD69CE48}
		{45C9687E-E658-4F87-90F3-A0B6F0BDDB37} = {D3B1B5E9-5076-45A4-A819-CC76AB2CA023}
		{3D122A59-87D1-47DD-8357-B5BFC83B33DB} = {C5BA7045-F0BB-473C-846F-38F6DF2CF45D}
		{734198C5-88EC-462B-83FE-88F5274FACCE} = {AE12F4F0-D5D8-45BC-B5EC-DA2CBEB0D761}
		{1016FCC6-398D-4584-849D-357F74B9207E} = {4219F6A9-9652-446E-BA71-2C844CA4DA36}
		{B62F6626-5FC0-4565-9C14-6EA15DE5449D} = {4270F19D-9C82-4D7A-9AA9-9CF653E5A60B}
		{335AC0DF-193E-4C9D-B2D3-CBB7814B9C0A} = {3444673F-974D-46D0-A94F-2533D821E661}
		{0E7F7409-D82A-42ED-9764-3D90B980EB9D} = {978DAB27-116E-4ACB-9F4A-B93C20C8A9C0}
		{4A780A59-37B8-453E-8EF5-667B04B8462E} = {E3DE802C-1A3D-4577-A7D4-A87CA416ADC9}
		{EF44746E-AD0B-4CEE-A7FC-448A5327ABEC} = {92C35B41-6437-4157-819B-1A15C6B0B180}
		{09068121-EF44-424E-B2FD-EABC66258674} = {8F23413F-7D9B-4383-A3AF-3AF19C494DB3}
		{96C420CB-6E5A-4DDF-933C-E4EADFFFA33C} = {994ED5D2-2EC7-4614-B339-147930F20915}
		{3514A71D-F2DD-4387-B42E-E8FA7CF0FE7B} = {238B0A3D-5DD6-42F4-8A00-ECC55278E0AB}
		{F57D645A-E625-4F85-987F-273B902E4781} = {EA45E3AF-8768-40B5-9FA3-56F6B929994A}
		{0B14D5DA-18F4-4C8A-94AD-EECFC3B8E8E5} = {4F32344E-E481-4374-900C-EE4A05130199}
		{48EFE2F4-AECC-40BA-BE62-1266647C9B62} = {4F32344E-E481-4374-900C-EE4A05130199}
		{B241C5D9-4D81-40C4-B021-ED17E448E772} = {1EB6BDEF-566E-4EC9-A001-DB01F3B17263}
		{84787531-EF12-45F1-ABEE-16E0F72CD946} = {6D8C115A-3957-4604-9FD4-CE5F82C58436}
	EndGlobalSection
	GlobalSection(ExtensibilityGlobals) = postSolution
		SolutionGuid = {37671A39-1ED1-4020-BF04-86C98A8CDE94}
	EndGlobalSection
EndGlobal
